
Microsoft Visual Studio Solution File, Format Version 12.00
# Visual Studio Express 2012 for Windows Desktop
Project("{F184B08F-C81C-45F6-A57F-5ABD9991F28F}") = "Minesweeper", "Minesweeper\Minesweeper.vbproj", "{DA359BAC-2AF9-46BA-8855-42484C030DB4}"
EndProject
Global
	GlobalSection(SolutionConfigurationPlatforms) = preSolution
		Debug|Any CPU = Debug|Any CPU
		Release|Any CPU = Release|Any CPU
	EndGlobalSection
	GlobalSection(ProjectConfigurationPlatforms) = postSolution
		{DA359BAC-2AF9-46BA-8855-42484C030DB4}.Debug|Any CPU.ActiveCfg = Debug|Any CPU
		{DA359BAC-2AF9-46BA-8855-42484C030DB4}.Debug|Any CPU.Build.0 = Debug|Any CPU
		{DA359BAC-2AF9-46BA-8855-42484C030DB4}.Release|Any CPU.ActiveCfg = Release|Any CPU
		{DA359BAC-2AF9-46BA-8855-42484C030DB4}.Release|Any CPU.Build.0 = Release|Any CPU
	EndGlobalSection
	GlobalSection(SolutionProperties) = preSolution
		HideSolutionNode = FALSE
	EndGlobalSection
EndGlobal
